
Microsoft Visual Studio Solution File, Format Version 12.00
# Visual Studio 15
VisualStudioVersion = 15.0.27703.2018
MinimumVisualStudioVersion = 10.0.40219.1
Project("{FAE04EC0-301F-11D3-BF4B-00C04F79EFBC}") = "Messenger2.Android", "Messenger2\Messenger2.Android\Messenger2.Android.csproj", "{27854E70-D727-4F7E-A7C4-6DF0D42ABEC2}"
EndProject
Project("{FAE04EC0-301F-11D3-BF4B-00C04F79EFBC}") = "Messenger2.iOS", "Messenger2\Messenger2.iOS\Messenger2.iOS.csproj", "{41C41F75-E5EE-43AB-848C-5D8394278022}"
EndProject
Project("{FAE04EC0-301F-11D3-BF4B-00C04F79EFBC}") = "Messenger2", "Messenger2\Messenger2\Messenger2.csproj", "{B4957AD0-8DB5-4AC5-BA32-9B839555903F}"
EndProject
Global
	GlobalSection(SolutionConfigurationPlatforms) = preSolution
		Ad-Hoc|Any CPU = Ad-Hoc|Any CPU
		Ad-Hoc|iPhone = Ad-Hoc|iPhone
		Ad-Hoc|iPhoneSimulator = Ad-Hoc|iPhoneSimulator
		AppStore|Any CPU = AppStore|Any CPU
		AppStore|iPhone = AppStore|iPhone
		AppStore|iPhoneSimulator = AppStore|iPhoneSimulator
		Debug|Any CPU = Debug|Any CPU
		Debug|iPhone = Debug|iPhone
		Debug|iPhoneSimulator = Debug|iPhoneSimulator
		Release|Any CPU = Release|Any CPU
		Release|iPhone = Release|iPhone
		Release|iPhoneSimulator = Release|iPhoneSimulator
	EndGlobalSection
	GlobalSection(ProjectConfigurationPlatforms) = postSolution
		{27854E70-D727-4F7E-A7C4-6DF0D42ABEC2}.Ad-Hoc|Any CPU.ActiveCfg = Release|Any CPU
		{27854E70-D727-4F7E-A7C4-6DF0D42ABEC2}.Ad-Hoc|Any CPU.Build.0 = Release|Any CPU
		{27854E70-D727-4F7E-A7C4-6DF0D42ABEC2}.Ad-Hoc|Any CPU.Deploy.0 = Release|Any CPU
		{27854E70-D727-4F7E-A7C4-6DF0D42ABEC2}.Ad-Hoc|iPhone.ActiveCfg = Release|Any CPU
		{27854E70-D727-4F7E-A7C4-6DF0D42ABEC2}.Ad-Hoc|iPhone.Build.0 = Release|Any CPU
		{27854E70-D727-4F7E-A7C4-6DF0D42ABEC2}.Ad-Hoc|iPhone.Deploy.0 = Release|Any CPU
		{27854E70-D727-4F7E-A7C4-6DF0D42ABEC2}.Ad-Hoc|iPhoneSimulator.ActiveCfg = Release|Any CPU
		{27854E70-D727-4F7E-A7C4-6DF0D42ABEC2}.Ad-Hoc|iPhoneSimulator.Build.0 = Release|Any CPU
		{27854E70-D727-4F7E-A7C4-6DF0D42ABEC2}.Ad-Hoc|iPhoneSimulator.Deploy.0 = Release|Any CPU
		{27854E70-D727-4F7E-A7C4-6DF0D42ABEC2}.AppStore|Any CPU.ActiveCfg = Release|Any CPU
		{27854E70-D727-4F7E-A7C4-6DF0D42ABEC2}.AppStore|Any CPU.Build.0 = Release|Any CPU
		{27854E70-D727-4F7E-A7C4-6DF0D42ABEC2}.AppStore|Any CPU.Deploy.0 = Release|Any CPU
		{27854E70-D727-4F7E-A7C4-6DF0D42ABEC2}.AppStore|iPhone.ActiveCfg = Release|Any CPU
		{27854E70-D727-4F7E-A7C4-6DF0D42ABEC2}.AppStore|iPhone.Build.0 = Release|Any CPU
		{27854E70-D727-4F7E-A7C4-6DF0D42ABEC2}.AppStore|iPhone.Deploy.0 = Release|Any CPU
		{27854E70-D727-4F7E-A7C4-6DF0D42ABEC2}.AppStore|iPhoneSimulator.ActiveCfg = Release|Any CPU
		{27854E70-D727-4F7E-A7C4-6DF0D42ABEC2}.AppStore|iPhoneSimulator.Build.0 = Release|Any CPU
		{27854E70-D727-4F7E-A7C4-6DF0D42ABEC2}.AppStore|iPhoneSimulator.Deploy.0 = Release|Any CPU
		{27854E70-D727-4F7E-A7C4-6DF0D42ABEC2}.Debug|Any CPU.ActiveCfg = Debug|Any CPU
		{27854E70-D727-4F7E-A7C4-6DF0D42ABEC2}.Debug|Any CPU.Build.0 = Debug|Any CPU
		{27854E70-D727-4F7E-A7C4-6DF0D42ABEC2}.Debug|Any CPU.Deploy.0 = Debug|Any CPU
		{27854E70-D727-4F7E-A7C4-6DF0D42ABEC2}.Debug|iPhone.ActiveCfg = Debug|Any CPU
		{27854E70-D727-4F7E-A7C4-6DF0D42ABEC2}.Debug|iPhone.Build.0 = Debug|Any CPU
		{27854E70-D727-4F7E-A7C4-6DF0D42ABEC2}.Debug|iPhone.Deploy.0 = Debug|Any CPU
		{27854E70-D727-4F7E-A7C4-6DF0D42ABEC2}.Debug|iPhoneSimulator.ActiveCfg = Debug|Any CPU
		{27854E70-D727-4F7E-A7C4-6DF0D42ABEC2}.Debug|iPhoneSimulator.Build.0 = Debug|Any CPU
		{27854E70-D727-4F7E-A7C4-6DF0D42ABEC2}.Debug|iPhoneSimulator.Deploy.0 = Debug|Any CPU
		{27854E70-D727-4F7E-A7C4-6DF0D42ABEC2}.Release|Any CPU.ActiveCfg = Release|Any CPU
		{27854E70-D727-4F7E-A7C4-6DF0D42ABEC2}.Release|Any CPU.Build.0 = Release|Any CPU
		{27854E70-D727-4F7E-A7C4-6DF0D42ABEC2}.Release|Any CPU.Deploy.0 = Release|Any CPU
		{27854E70-D727-4F7E-A7C4-6DF0D42ABEC2}.Release|iPhone.ActiveCfg = Release|Any CPU
		{27854E70-D727-4F7E-A7C4-6DF0D42ABEC2}.Release|iPhone.Build.0 = Release|Any CPU
		{27854E70-D727-4F7E-A7C4-6DF0D42ABEC2}.Release|iPhone.Deploy.0 = Release|Any CPU
		{27854E70-D727-4F7E-A7C4-6DF0D42ABEC2}.Release|iPhoneSimulator.ActiveCfg = Release|Any CPU
		{27854E70-D727-4F7E-A7C4-6DF0D42ABEC2}.Release|iPhoneSimulator.Build.0 = Release|Any CPU
		{27854E70-D727-4F7E-A7C4-6DF0D42ABEC2}.Release|iPhoneSimulator.Deploy.0 = Release|Any CPU
		{41C41F75-E5EE-43AB-848C-5D8394278022}.Ad-Hoc|Any CPU.ActiveCfg = Ad-Hoc|iPhone
		{41C41F75-E5EE-43AB-848C-5D8394278022}.Ad-Hoc|Any CPU.Build.0 = Ad-Hoc|iPhone
		{41C41F75-E5EE-43AB-848C-5D8394278022}.Ad-Hoc|Any CPU.Deploy.0 = Ad-Hoc|iPhone
		{41C41F75-E5EE-43AB-848C-5D8394278022}.Ad-Hoc|iPhone.ActiveCfg = Ad-Hoc|iPhone
		{41C41F75-E5EE-43AB-848C-5D8394278022}.Ad-Hoc|iPhone.Build.0 = Ad-Hoc|iPhone
		{41C41F75-E5EE-43AB-848C-5D8394278022}.Ad-Hoc|iPhone.Deploy.0 = Ad-Hoc|iPhone
		{41C41F75-E5EE-43AB-848C-5D8394278022}.Ad-Hoc|iPhoneSimulator.ActiveCfg = Ad-Hoc|iPhoneSimulator
		{41C41F75-E5EE-43AB-848C-5D8394278022}.Ad-Hoc|iPhoneSimulator.Build.0 = Ad-Hoc|iPhoneSimulator
		{41C41F75-E5EE-43AB-848C-5D8394278022}.Ad-Hoc|iPhoneSimulator.Deploy.0 = Ad-Hoc|iPhoneSimulator
		{41C41F75-E5EE-43AB-848C-5D8394278022}.AppStore|Any CPU.ActiveCfg = AppStore|iPhone
		{41C41F75-E5EE-43AB-848C-5D8394278022}.AppStore|Any CPU.Build.0 = AppStore|iPhone
		{41C41F75-E5EE-43AB-848C-5D8394278022}.AppStore|Any CPU.Deploy.0 = AppStore|iPhone
		{41C41F75-E5EE-43AB-848C-5D8394278022}.AppStore|iPhone.ActiveCfg = AppStore|iPhone
		{41C41F75-E5EE-43AB-848C-5D8394278022}.AppStore|iPhone.Build.0 = AppStore|iPhone
		{41C41F75-E5EE-43AB-848C-5D8394278022}.AppStore|iPhone.Deploy.0 = AppStore|iPhone
		{41C41F75-E5EE-43AB-848C-5D8394278022}.AppStore|iPhoneSimulator.ActiveCfg = AppStore|iPhoneSimulator
		{41C41F75-E5EE-43AB-848C-5D8394278022}.AppStore|iPhoneSimulator.Build.0 = AppStore|iPhoneSimulator
		{41C41F75-E5EE-43AB-848C-5D8394278022}.AppStore|iPhoneSimulator.Deploy.0 = AppStore|iPhoneSimulator
		{41C41F75-E5EE-43AB-848C-5D8394278022}.Debug|Any CPU.ActiveCfg = Debug|iPhoneSimulator
		{41C41F75-E5EE-43AB-848C-5D8394278022}.Debug|Any CPU.Build.0 = Debug|iPhoneSimulator
		{41C41F75-E5EE-43AB-848C-5D8394278022}.Debug|Any CPU.Deploy.0 = Debug|iPhoneSimulator
		{41C41F75-E5EE-43AB-848C-5D8394278022}.Debug|iPhone.ActiveCfg = Debug|iPhone
		{41C41F75-E5EE-43AB-848C-5D8394278022}.Debug|iPhone.Build.0 = Debug|iPhone
		{41C41F75-E5EE-43AB-848C-5D8394278022}.Debug|iPhone.Deploy.0 = Debug|iPhone
		{41C41F75-E5EE-43AB-848C-5D8394278022}.Debug|iPhoneSimulator.ActiveCfg = Debug|iPhoneSimulator
		{41C41F75-E5EE-43AB-848C-5D8394278022}.Debug|iPhoneSimulator.Build.0 = Debug|iPhoneSimulator
		{41C41F75-E5EE-43AB-848C-5D8394278022}.Debug|iPhoneSimulator.Deploy.0 = Debug|iPhoneSimulator
		{41C41F75-E5EE-43AB-848C-5D8394278022}.Release|Any CPU.ActiveCfg = Release|iPhone
		{41C41F75-E5EE-43AB-848C-5D8394278022}.Release|Any CPU.Build.0 = Release|iPhone
		{41C41F75-E5EE-43AB-848C-5D8394278022}.Release|Any CPU.Deploy.0 = Release|iPhone
		{41C41F75-E5EE-43AB-848C-5D8394278022}.Release|iPhone.ActiveCfg = Release|iPhone
		{41C41F75-E5EE-43AB-848C-5D8394278022}.Release|iPhone.Build.0 = Release|iPhone
		{41C41F75-E5EE-43AB-848C-5D8394278022}.Release|iPhone.Deploy.0 = Release|iPhone
		{41C41F75-E5EE-43AB-848C-5D8394278022}.Release|iPhoneSimulator.ActiveCfg = Release|iPhoneSimulator
		{41C41F75-E5EE-43AB-848C-5D8394278022}.Release|iPhoneSimulator.Build.0 = Release|iPhoneSimulator
		{41C41F75-E5EE-43AB-848C-5D8394278022}.Release|iPhoneSimulator.Deploy.0 = Release|iPhoneSimulator
		{B4957AD0-8DB5-4AC5-BA32-9B839555903F}.Ad-Hoc|Any CPU.ActiveCfg = Debug|Any CPU
		{B4957AD0-8DB5-4AC5-BA32-9B839555903F}.Ad-Hoc|Any CPU.Build.0 = Debug|Any CPU
		{B4957AD0-8DB5-4AC5-BA32-9B839555903F}.Ad-Hoc|Any CPU.Deploy.0 = Debug|Any CPU
		{B4957AD0-8DB5-4AC5-BA32-9B839555903F}.Ad-Hoc|iPhone.ActiveCfg = Debug|Any CPU
		{B4957AD0-8DB5-4AC5-BA32-9B839555903F}.Ad-Hoc|iPhone.Build.0 = Debug|Any CPU
		{B4957AD0-8DB5-4AC5-BA32-9B839555903F}.Ad-Hoc|iPhone.Deploy.0 = Debug|Any CPU
		{B4957AD0-8DB5-4AC5-BA32-9B839555903F}.Ad-Hoc|iPhoneSimulator.ActiveCfg = Debug|Any CPU
		{B4957AD0-8DB5-4AC5-BA32-9B839555903F}.Ad-Hoc|iPhoneSimulator.Build.0 = Debug|Any CPU
		{B4957AD0-8DB5-4AC5-BA32-9B839555903F}.Ad-Hoc|iPhoneSimulator.Deploy.0 = Debug|Any CPU
		{B4957AD0-8DB5-4AC5-BA32-9B839555903F}.AppStore|Any CPU.ActiveCfg = Debug|Any CPU
		{B4957AD0-8DB5-4AC5-BA32-9B839555903F}.AppStore|Any CPU.Build.0 = Debug|Any CPU
		{B4957AD0-8DB5-4AC5-BA32-9B839555903F}.AppStore|Any CPU.Deploy.0 = Debug|Any CPU
		{B4957AD0-8DB5-4AC5-BA32-9B839555903F}.AppStore|iPhone.ActiveCfg = Debug|Any CPU
		{B4957AD0-8DB5-4AC5-BA32-9B839555903F}.AppStore|iPhone.Build.0 = Debug|Any CPU
		{B4957AD0-8DB5-4AC5-BA32-9B839555903F}.AppStore|iPhone.Deploy.0 = Debug|Any CPU
		{B4957AD0-8DB5-4AC5-BA32-9B839555903F}.AppStore|iPhoneSimulator.ActiveCfg = Debug|Any CPU
		{B4957AD0-8DB5-4AC5-BA32-9B839555903F}.AppStore|iPhoneSimulator.Build.0 = Debug|Any CPU
		{B4957AD0-8DB5-4AC5-BA32-9B839555903F}.AppStore|iPhoneSimulator.Deploy.0 = Debug|Any CPU
		{B4957AD0-8DB5-4AC5-BA32-9B839555903F}.Debug|Any CPU.ActiveCfg = Debug|Any CPU
		{B4957AD0-8DB5-4AC5-BA32-9B839555903F}.Debug|Any CPU.Build.0 = Debug|Any CPU
		{B4957AD0-8DB5-4AC5-BA32-9B839555903F}.Debug|Any CPU.Deploy.0 = Debug|Any CPU
		{B4957AD0-8DB5-4AC5-BA32-9B839555903F}.Debug|iPhone.ActiveCfg = Debug|Any CPU
		{B4957AD0-8DB5-4AC5-BA32-9B839555903F}.Debug|iPhone.Build.0 = Debug|Any CPU
		{B4957AD0-8DB5-4AC5-BA32-9B839555903F}.Debug|iPhone.Deploy.0 = Debug|Any CPU
		{B4957AD0-8DB5-4AC5-BA32-9B839555903F}.Debug|iPhoneSimulator.ActiveCfg = Debug|Any CPU
		{B4957AD0-8DB5-4AC5-BA32-9B839555903F}.Debug|iPhoneSimulator.Build.0 = Debug|Any CPU
		{B4957AD0-8DB5-4AC5-BA32-9B839555903F}.Debug|iPhoneSimulator.Deploy.0 = Debug|Any CPU
		{B4957AD0-8DB5-4AC5-BA32-9B839555903F}.Release|Any CPU.ActiveCfg = Release|Any CPU
		{B4957AD0-8DB5-4AC5-BA32-9B839555903F}.Release|Any CPU.Build.0 = Release|Any CPU
		{B4957AD0-8DB5-4AC5-BA32-9B839555903F}.Release|Any CPU.Deploy.0 = Release|Any CPU
		{B4957AD0-8DB5-4AC5-BA32-9B839555903F}.Release|iPhone.ActiveCfg = Release|Any CPU
		{B4957AD0-8DB5-4AC5-BA32-9B839555903F}.Release|iPhone.Build.0 = Release|Any CPU
		{B4957AD0-8DB5-4AC5-BA32-9B839555903F}.Release|iPhone.Deploy.0 = Release|Any CPU
		{B4957AD0-8DB5-4AC5-BA32-9B839555903F}.Release|iPhoneSimulator.ActiveCfg = Release|Any CPU
		{B4957AD0-8DB5-4AC5-BA32-9B839555903F}.Release|iPhoneSimulator.Build.0 = Release|Any CPU
		{B4957AD0-8DB5-4AC5-BA32-9B839555903F}.Release|iPhoneSimulator.Deploy.0 = Release|Any CPU
	EndGlobalSection
	GlobalSection(SolutionProperties) = preSolution
		HideSolutionNode = FALSE
	EndGlobalSection
	GlobalSection(ExtensibilityGlobals) = postSolution
		SolutionGuid = {92740070-2C75-49CB-825A-02ABBD905F1A}
	EndGlobalSection
EndGlobal
